
Microsoft Visual Studio Solution File, Format Version 12.00
# Visual Studio Version 17
VisualStudioVersion = 17.7.34031.279
MinimumVisualStudioVersion = 10.0.40219.1
Project("{8BC9CEB8-8B4A-11D0-8D11-00A0C91BC942}") = "lab3", "lab3\lab3.vcxproj", "{5F77CF78-E9AE-49B4-9D2C-8F1023361A67}"
EndProject
Project("{8BC9CEB8-8B4A-11D0-8D11-00A0C91BC942}") = "3.1.1", "3.1.1\3.1.1.vcxproj", "{AB1CE3DB-9AF2-4BCB-AE59-CD98929D64BE}"
EndProject
Project("{8BC9CEB8-8B4A-11D0-8D11-00A0C91BC942}") = "3.4", "3.4\3.4.vcxproj", "{C0B59A1C-1C63-4A6E-851B-21FBD54CF5E9}"
EndProject
Project("{8BC9CEB8-8B4A-11D0-8D11-00A0C91BC942}") = "3.3", "3.3\3.3.vcxproj", "{9FDCFB28-E878-46A5-A710-1C69E4C30CEE}"
EndProject
Project("{8BC9CEB8-8B4A-11D0-8D11-00A0C91BC942}") = "3.1.2", "3.1.2\3.1.2.vcxproj", "{927F4AE3-60B8-48DE-92C6-91B2FBEC14EE}"
EndProject
Project("{8BC9CEB8-8B4A-11D0-8D11-00A0C91BC942}") = "3.1.3", "3.1.3\3.1.3.vcxproj", "{BEC786D9-38DE-4AE4-ACA7-FD2E740541BA}"
EndProject
Project("{8BC9CEB8-8B4A-11D0-8D11-00A0C91BC942}") = "3.5", "3.5\3.5.vcxproj", "{9F12F851-AE87-4A9B-841C-7875D86FA538}"
EndProject
Project("{8BC9CEB8-8B4A-11D0-8D11-00A0C91BC942}") = "3.2", "3.2\3.2.vcxproj", "{DBC4BEDB-3BCA-42E7-863B-C27802E3CBF3}"
EndProject
Global
	GlobalSection(SolutionConfigurationPlatforms) = preSolution
		Debug|x64 = Debug|x64
		Debug|x86 = Debug|x86
		Release|x64 = Release|x64
		Release|x86 = Release|x86
	EndGlobalSection
	GlobalSection(ProjectConfigurationPlatforms) = postSolution
		{5F77CF78-E9AE-49B4-9D2C-8F1023361A67}.Debug|x64.ActiveCfg = Debug|x64
		{5F77CF78-E9AE-49B4-9D2C-8F1023361A67}.Debug|x64.Build.0 = Debug|x64
		{5F77CF78-E9AE-49B4-9D2C-8F1023361A67}.Debug|x86.ActiveCfg = Debug|Win32
		{5F77CF78-E9AE-49B4-9D2C-8F1023361A67}.Debug|x86.Build.0 = Debug|Win32
		{5F77CF78-E9AE-49B4-9D2C-8F1023361A67}.Release|x64.ActiveCfg = Release|x64
		{5F77CF78-E9AE-49B4-9D2C-8F1023361A67}.Release|x64.Build.0 = Release|x64
		{5F77CF78-E9AE-49B4-9D2C-8F1023361A67}.Release|x86.ActiveCfg = Release|Win32
		{5F77CF78-E9AE-49B4-9D2C-8F1023361A67}.Release|x86.Build.0 = Release|Win32
		{AB1CE3DB-9AF2-4BCB-AE59-CD98929D64BE}.Debug|x64.ActiveCfg = Debug|x64
		{AB1CE3DB-9AF2-4BCB-AE59-CD98929D64BE}.Debug|x64.Build.0 = Debug|x64
		{AB1CE3DB-9AF2-4BCB-AE59-CD98929D64BE}.Debug|x86.ActiveCfg = Debug|Win32
		{AB1CE3DB-9AF2-4BCB-AE59-CD98929D64BE}.Debug|x86.Build.0 = Debug|Win32
		{AB1CE3DB-9AF2-4BCB-AE59-CD98929D64BE}.Release|x64.ActiveCfg = Release|x64
		{AB1CE3DB-9AF2-4BCB-AE59-CD98929D64BE}.Release|x64.Build.0 = Release|x64
		{AB1CE3DB-9AF2-4BCB-AE59-CD98929D64BE}.Release|x86.ActiveCfg = Release|Win32
		{AB1CE3DB-9AF2-4BCB-AE59-CD98929D64BE}.Release|x86.Build.0 = Release|Win32
		{C0B59A1C-1C63-4A6E-851B-21FBD54CF5E9}.Debug|x64.ActiveCfg = Debug|x64
		{C0B59A1C-1C63-4A6E-851B-21FBD54CF5E9}.Debug|x64.Build.0 = Debug|x64
		{C0B59A1C-1C63-4A6E-851B-21FBD54CF5E9}.Debug|x86.ActiveCfg = Debug|Win32
		{C0B59A1C-1C63-4A6E-851B-21FBD54CF5E9}.Debug|x86.Build.0 = Debug|Win32
		{C0B59A1C-1C63-4A6E-851B-21FBD54CF5E9}.Release|x64.ActiveCfg = Release|x64
		{C0B59A1C-1C63-4A6E-851B-21FBD54CF5E9}.Release|x64.Build.0 = Release|x64
		{C0B59A1C-1C63-4A6E-851B-21FBD54CF5E9}.Release|x86.ActiveCfg = Release|Win32
		{C0B59A1C-1C63-4A6E-851B-21FBD54CF5E9}.Release|x86.Build.0 = Release|Win32
		{9FDCFB28-E878-46A5-A710-1C69E4C30CEE}.Debug|x64.ActiveCfg = Debug|x64
		{9FDCFB28-E878-46A5-A710-1C69E4C30CEE}.Debug|x64.Build.0 = Debug|x64
		{9FDCFB28-E878-46A5-A710-1C69E4C30CEE}.Debug|x86.ActiveCfg = Debug|Win32
		{9FDCFB28-E878-46A5-A710-1C69E4C30CEE}.Debug|x86.Build.0 = Debug|Win32
		{9FDCFB28-E878-46A5-A710-1C69E4C30CEE}.Release|x64.ActiveCfg = Release|x64
		{9FDCFB28-E878-46A5-A710-1C69E4C30CEE}.Release|x64.Build.0 = Release|x64
		{9FDCFB28-E878-46A5-A710-1C69E4C30CEE}.Release|x86.ActiveCfg = Release|Win32
		{9FDCFB28-E878-46A5-A710-1C69E4C30CEE}.Release|x86.Build.0 = Release|Win32
		{927F4AE3-60B8-48DE-92C6-91B2FBEC14EE}.Debug|x64.ActiveCfg = Debug|x64
		{927F4AE3-60B8-48DE-92C6-91B2FBEC14EE}.Debug|x64.Build.0 = Debug|x64
		{927F4AE3-60B8-48DE-92C6-91B2FBEC14EE}.Debug|x86.ActiveCfg = Debug|Win32
		{927F4AE3-60B8-48DE-92C6-91B2FBEC14EE}.Debug|x86.Build.0 = Debug|Win32
		{927F4AE3-60B8-48DE-92C6-91B2FBEC14EE}.Release|x64.ActiveCfg = Release|x64
		{927F4AE3-60B8-48DE-92C6-91B2FBEC14EE}.Release|x64.Build.0 = Release|x64
		{927F4AE3-60B8-48DE-92C6-91B2FBEC14EE}.Release|x86.ActiveCfg = Release|Win32
		{927F4AE3-60B8-48DE-92C6-91B2FBEC14EE}.Release|x86.Build.0 = Release|Win32
		{BEC786D9-38DE-4AE4-ACA7-FD2E740541BA}.Debug|x64.ActiveCfg = Debug|x64
		{BEC786D9-38DE-4AE4-ACA7-FD2E740541BA}.Debug|x64.Build.0 = Debug|x64
		{BEC786D9-38DE-4AE4-ACA7-FD2E740541BA}.Debug|x86.ActiveCfg = Debug|Win32
		{BEC786D9-38DE-4AE4-ACA7-FD2E740541BA}.Debug|x86.Build.0 = Debug|Win32
		{BEC786D9-38DE-4AE4-ACA7-FD2E740541BA}.Release|x64.ActiveCfg = Release|x64
		{BEC786D9-38DE-4AE4-ACA7-FD2E740541BA}.Release|x64.Build.0 = Release|x64
		{BEC786D9-38DE-4AE4-ACA7-FD2E740541BA}.Release|x86.ActiveCfg = Release|Win32
		{BEC786D9-38DE-4AE4-ACA7-FD2E740541BA}.Release|x86.Build.0 = Release|Win32
		{9F12F851-AE87-4A9B-841C-7875D86FA538}.Debug|x64.ActiveCfg = Debug|x64
		{9F12F851-AE87-4A9B-841C-7875D86FA538}.Debug|x64.Build.0 = Debug|x64
		{9F12F851-AE87-4A9B-841C-7875D86FA538}.Debug|x86.ActiveCfg = Debug|Win32
		{9F12F851-AE87-4A9B-841C-7875D86FA538}.Debug|x86.Build.0 = Debug|Win32
		{9F12F851-AE87-4A9B-841C-7875D86FA538}.Release|x64.ActiveCfg = Release|x64
		{9F12F851-AE87-4A9B-841C-7875D86FA538}.Release|x64.Build.0 = Release|x64
		{9F12F851-AE87-4A9B-841C-7875D86FA538}.Release|x86.ActiveCfg = Release|Win32
		{9F12F851-AE87-4A9B-841C-7875D86FA538}.Release|x86.Build.0 = Release|Win32
		{DBC4BEDB-3BCA-42E7-863B-C27802E3CBF3}.Debug|x64.ActiveCfg = Debug|x64
		{DBC4BEDB-3BCA-42E7-863B-C27802E3CBF3}.Debug|x64.Build.0 = Debug|x64
		{DBC4BEDB-3BCA-42E7-863B-C27802E3CBF3}.Debug|x86.ActiveCfg = Debug|Win32
		{DBC4BEDB-3BCA-42E7-863B-C27802E3CBF3}.Debug|x86.Build.0 = Debug|Win32
		{DBC4BEDB-3BCA-42E7-863B-C27802E3CBF3}.Release|x64.ActiveCfg = Release|x64
		{DBC4BEDB-3BCA-42E7-863B-C27802E3CBF3}.Release|x64.Build.0 = Release|x64
		{DBC4BEDB-3BCA-42E7-863B-C27802E3CBF3}.Release|x86.ActiveCfg = Release|Win32
		{DBC4BEDB-3BCA-42E7-863B-C27802E3CBF3}.Release|x86.Build.0 = Release|Win32
	EndGlobalSection
	GlobalSection(SolutionProperties) = preSolution
		HideSolutionNode = FALSE
	EndGlobalSection
	GlobalSection(ExtensibilityGlobals) = postSolution
		SolutionGuid = {0E075726-D7CF-4F8F-B743-9D2411F14A33}
	EndGlobalSection
EndGlobal
